
Microsoft Visual Studio Solution File, Format Version 12.00
# Visual Studio 15
VisualStudioVersion = 15.0.28107.0
MinimumVisualStudioVersion = 10.0.40219.1
Project("{F184B08F-C81C-45F6-A57F-5ABD9991F28F}") = "Output Caching Project", "Caching Project\Output Caching Project.vbproj", "{78F514F2-5E96-4147-8902-9E3C2C4FCFB9}"
EndProject
Project("{FAE04EC0-301F-11D3-BF4B-00C04F79EFBC}") = "Data Caching", "Data Caching\Data Caching.csproj", "{ADFD902D-874F-49B1-BB52-56D7CCFAFCC2}"
EndProject
Project("{FAE04EC0-301F-11D3-BF4B-00C04F79EFBC}") = "Fragment Caching", "Fragment Caching\Fragment Caching.csproj", "{D0EF52C8-0A75-48FF-8F9E-81CB9DCD9572}"
EndProject
Global
	GlobalSection(SolutionConfigurationPlatforms) = preSolution
		Debug|Any CPU = Debug|Any CPU
		Release|Any CPU = Release|Any CPU
	EndGlobalSection
	GlobalSection(ProjectConfigurationPlatforms) = postSolution
		{78F514F2-5E96-4147-8902-9E3C2C4FCFB9}.Debug|Any CPU.ActiveCfg = Debug|Any CPU
		{78F514F2-5E96-4147-8902-9E3C2C4FCFB9}.Debug|Any CPU.Build.0 = Debug|Any CPU
		{78F514F2-5E96-4147-8902-9E3C2C4FCFB9}.Release|Any CPU.ActiveCfg = Release|Any CPU
		{78F514F2-5E96-4147-8902-9E3C2C4FCFB9}.Release|Any CPU.Build.0 = Release|Any CPU
		{ADFD902D-874F-49B1-BB52-56D7CCFAFCC2}.Debug|Any CPU.ActiveCfg = Debug|Any CPU
		{ADFD902D-874F-49B1-BB52-56D7CCFAFCC2}.Debug|Any CPU.Build.0 = Debug|Any CPU
		{ADFD902D-874F-49B1-BB52-56D7CCFAFCC2}.Release|Any CPU.ActiveCfg = Release|Any CPU
		{ADFD902D-874F-49B1-BB52-56D7CCFAFCC2}.Release|Any CPU.Build.0 = Release|Any CPU
		{D0EF52C8-0A75-48FF-8F9E-81CB9DCD9572}.Debug|Any CPU.ActiveCfg = Debug|Any CPU
		{D0EF52C8-0A75-48FF-8F9E-81CB9DCD9572}.Debug|Any CPU.Build.0 = Debug|Any CPU
		{D0EF52C8-0A75-48FF-8F9E-81CB9DCD9572}.Release|Any CPU.ActiveCfg = Release|Any CPU
		{D0EF52C8-0A75-48FF-8F9E-81CB9DCD9572}.Release|Any CPU.Build.0 = Release|Any CPU
	EndGlobalSection
	GlobalSection(SolutionProperties) = preSolution
		HideSolutionNode = FALSE
	EndGlobalSection
	GlobalSection(ExtensibilityGlobals) = postSolution
		SolutionGuid = {E640742C-C181-4478-994F-5DC1FEC21D84}
	EndGlobalSection
EndGlobal
